
Microsoft Visual Studio Solution File, Format Version 12.00
# Visual Studio 15
VisualStudioVersion = 15.0.27703.2026
MinimumVisualStudioVersion = 10.0.40219.1
Project("{888888A0-9F3D-457C-B088-3A5042F75D52}") = "liveprinter", "liveprinter.pyproj", "{2A3167FA-4C3F-4625-871E-9E654346C8DF}"
EndProject
Global
	GlobalSection(SolutionConfigurationPlatforms) = preSolution
		Debug|Any CPU = Debug|Any CPU
		Release|Any CPU = Release|Any CPU
	EndGlobalSection
	GlobalSection(ProjectConfigurationPlatforms) = postSolution
		{2A3167FA-4C3F-4625-871E-9E654346C8DF}.Debug|Any CPU.ActiveCfg = Debug|Any CPU
		{2A3167FA-4C3F-4625-871E-9E654346C8DF}.Release|Any CPU.ActiveCfg = Release|Any CPU
	EndGlobalSection
	GlobalSection(SolutionProperties) = preSolution
		HideSolutionNode = FALSE
	EndGlobalSection
	GlobalSection(ExtensibilityGlobals) = postSolution
		SolutionGuid = {479719E8-9D5F-4D37-B5FD-0DF35325D5E9}
	EndGlobalSection
EndGlobal
